// !$*UTF8*$!
{
	archiveVersion = 1;
	classes = {
	};
	objectVersion = 50;
	objects = {

/* Begin PBXBuildFile section */
		23EB210B2422148D006288C0 /* AppDelegate.swift in Sources */ = {isa = PBXBuildFile; fileRef = 23EB210A2422148D006288C0 /* AppDelegate.swift */; };
		23EB210D2422148D006288C0 /* SceneDelegate.swift in Sources */ = {isa = PBXBuildFile; fileRef = 23EB210C2422148D006288C0 /* SceneDelegate.swift */; };
		23EB210F2422148D006288C0 /* ContentView.swift in Sources */ = {isa = PBXBuildFile; fileRef = 23EB210E2422148D006288C0 /* ContentView.swift */; };
		23EB21112422148E006288C0 /* Assets.xcassets in Resources */ = {isa = PBXBuildFile; fileRef = 23EB21102422148E006288C0 /* Assets.xcassets */; };
		23EB21142422148E006288C0 /* Preview Assets.xcassets in Resources */ = {isa = PBXBuildFile; fileRef = 23EB21132422148E006288C0 /* Preview Assets.xcassets */; };
		23EB21172422148E006288C0 /* LaunchScreen.storyboard in Resources */ = {isa = PBXBuildFile; fileRef = 23EB21152422148E006288C0 /* LaunchScreen.storyboard */; };
		23EB21222422148E006288C0 /* SwiftUITransformingViewTests.swift in Sources */ = {isa = PBXBuildFile; fileRef = 23EB21212422148E006288C0 /* SwiftUITransformingViewTests.swift */; };
		23EB212D2422148E006288C0 /* SwiftUITransformingViewUITests.swift in Sources */ = {isa = PBXBuildFile; fileRef = 23EB212C2422148E006288C0 /* SwiftUITransformingViewUITests.swift */; };
		23EB213B24221552006288C0 /* AdjustPositionWithOffSet.swift in Sources */ = {isa = PBXBuildFile; fileRef = 23EB213A24221552006288C0 /* AdjustPositionWithOffSet.swift */; };
		23EB213D242219F0006288C0 /* ColorPaddingView.swift in Sources */ = {isa = PBXBuildFile; fileRef = 23EB213C242219F0006288C0 /* ColorPaddingView.swift */; };
		23EB213F24221B4E006288C0 /* StackModifiersView.swift in Sources */ = {isa = PBXBuildFile; fileRef = 23EB213E24221B4E006288C0 /* StackModifiersView.swift */; };
		23EB214124221D82006288C0 /* BorderAroundAView.swift in Sources */ = {isa = PBXBuildFile; fileRef = 23EB214024221D82006288C0 /* BorderAroundAView.swift */; };
/* End PBXBuildFile section */

/* Begin PBXContainerItemProxy section */
		23EB211E2422148E006288C0 /* PBXContainerItemProxy */ = {
			isa = PBXContainerItemProxy;
			containerPortal = 23EB20FF2422148D006288C0 /* Project object */;
			proxyType = 1;
			remoteGlobalIDString = 23EB21062422148D006288C0;
			remoteInfo = SwiftUITransformingView;
		};
		23EB21292422148E006288C0 /* PBXContainerItemProxy */ = {
			isa = PBXContainerItemProxy;
			containerPortal = 23EB20FF2422148D006288C0 /* Project object */;
			proxyType = 1;
			remoteGlobalIDString = 23EB21062422148D006288C0;
			remoteInfo = SwiftUITransformingView;
		};
/* End PBXContainerItemProxy section */

/* Begin PBXFileReference section */
		23EB21072422148D006288C0 /* SwiftUITransformingView.app */ = {isa = PBXFileReference; explicitFileType = wrapper.application; includeInIndex = 0; path = SwiftUITransformingView.app; sourceTree = BUILT_PRODUCTS_DIR; };
		23EB210A2422148D006288C0 /* AppDelegate.swift */ = {isa = PBXFileReference; lastKnownFileType = sourcecode.swift; path = AppDelegate.swift; sourceTree = "<group>"; };
		23EB210C2422148D006288C0 /* SceneDelegate.swift */ = {isa = PBXFileReference; lastKnownFileType = sourcecode.swift; path = SceneDelegate.swift; sourceTree = "<group>"; };
		23EB210E2422148D006288C0 /* ContentView.swift */ = {isa = PBXFileReference; lastKnownFileType = sourcecode.swift; path = ContentView.swift; sourceTree = "<group>"; };
		23EB21102422148E006288C0 /* Assets.xcassets */ = {isa = PBXFileReference; lastKnownFileType = folder.assetcatalog; path = Assets.xcassets; sourceTree = "<group>"; };
		23EB21132422148E006288C0 /* Preview Assets.xcassets */ = {isa = PBXFileReference; lastKnownFileType = folder.assetcatalog; path = "Preview Assets.xcassets"; sourceTree = "<group>"; };
		23EB21162422148E006288C0 /* Base */ = {isa = PBXFileReference; lastKnownFileType = file.storyboard; name = Base; path = Base.lproj/LaunchScreen.storyboard; sourceTree = "<group>"; };
		23EB21182422148E006288C0 /* Info.plist */ = {isa = PBXFileReference; lastKnownFileType = text.plist.xml; path = Info.plist; sourceTree = "<group>"; };
		23EB211D2422148E006288C0 /* SwiftUITransformingViewTests.xctest */ = {isa = PBXFileReference; explicitFileType = wrapper.cfbundle; includeInIndex = 0; path = SwiftUITransformingViewTests.xctest; sourceTree = BUILT_PRODUCTS_DIR; };
		23EB21212422148E006288C0 /* SwiftUITransformingViewTests.swift */ = {isa = PBXFileReference; lastKnownFileType = sourcecode.swift; path = SwiftUITransformingViewTests.swift; sourceTree = "<group>"; };
		23EB21232422148E006288C0 /* Info.plist */ = {isa = PBXFileReference; lastKnownFileType = text.plist.xml; path = Info.plist; sourceTree = "<group>"; };
		23EB21282422148E006288C0 /* SwiftUITransformingViewUITests.xctest */ = {isa = PBXFileReference; explicitFileType = wrapper.cfbundle; includeInIndex = 0; path = SwiftUITransformingViewUITests.xctest; sourceTree = BUILT_PRODUCTS_DIR; };
		23EB212C2422148E006288C0 /* SwiftUITransformingViewUITests.swift */ = {isa = PBXFileReference; lastKnownFileType = sourcecode.swift; path = SwiftUITransformingViewUITests.swift; sourceTree = "<group>"; };
		23EB212E2422148E006288C0 /* Info.plist */ = {isa = PBXFileReference; lastKnownFileType = text.plist.xml; path = Info.plist; sourceTree = "<group>"; };
		23EB213A24221552006288C0 /* AdjustPositionWithOffSet.swift */ = {isa = PBXFileReference; lastKnownFileType = sourcecode.swift; path = AdjustPositionWithOffSet.swift; sourceTree = "<group>"; };
		23EB213C242219F0006288C0 /* ColorPaddingView.swift */ = {isa = PBXFileReference; lastKnownFileType = sourcecode.swift; path = ColorPaddingView.swift; sourceTree = "<group>"; };
		23EB213E24221B4E006288C0 /* StackModifiersView.swift */ = {isa = PBXFileReference; lastKnownFileType = sourcecode.swift; path = StackModifiersView.swift; sourceTree = "<group>"; };
		23EB214024221D82006288C0 /* BorderAroundAView.swift */ = {isa = PBXFileReference; lastKnownFileType = sourcecode.swift; path = BorderAroundAView.swift; sourceTree = "<group>"; };
/* End PBXFileReference section */

/* Begin PBXFrameworksBuildPhase section */
		23EB21042422148D006288C0 /* Frameworks */ = {
			isa = PBXFrameworksBuildPhase;
			buildActionMask = 2147483647;
			files = (
			);
			runOnlyForDeploymentPostprocessing = 0;
		};
		23EB211A2422148E006288C0 /* Frameworks */ = {
			isa = PBXFrameworksBuildPhase;
			buildActionMask = 2147483647;
			files = (
			);
			runOnlyForDeploymentPostprocessing = 0;
		};
		23EB21252422148E006288C0 /* Frameworks */ = {
			isa = PBXFrameworksBuildPhase;
			buildActionMask = 2147483647;
			files = (
			);
			runOnlyForDeploymentPostprocessing = 0;
		};
/* End PBXFrameworksBuildPhase section */

/* Begin PBXGroup section */
		23EB20FE2422148D006288C0 = {
			isa = PBXGroup;
			children = (
				23EB21092422148D006288C0 /* SwiftUITransformingView */,
				23EB21202422148E006288C0 /* SwiftUITransformingViewTests */,
				23EB212B2422148E006288C0 /* SwiftUITransformingViewUITests */,
				23EB21082422148D006288C0 /* Products */,
			);
			sourceTree = "<group>";
		};
		23EB21082422148D006288C0 /* Products */ = {
			isa = PBXGroup;
			children = (
				23EB21072422148D006288C0 /* SwiftUITransformingView.app */,
				23EB211D2422148E006288C0 /* SwiftUITransformingViewTests.xctest */,
				23EB21282422148E006288C0 /* SwiftUITransformingViewUITests.xctest */,
			);
			name = Products;
			sourceTree = "<group>";
		};
		23EB21092422148D006288C0 /* SwiftUITransformingView */ = {
			isa = PBXGroup;
			children = (
				23EB214024221D82006288C0 /* BorderAroundAView.swift */,
				23EB210A2422148D006288C0 /* AppDelegate.swift */,
				23EB210C2422148D006288C0 /* SceneDelegate.swift */,
				23EB210E2422148D006288C0 /* ContentView.swift */,
				23EB21102422148E006288C0 /* Assets.xcassets */,
				23EB21152422148E006288C0 /* LaunchScreen.storyboard */,
				23EB21182422148E006288C0 /* Info.plist */,
				23EB21122422148E006288C0 /* Preview Content */,
				23EB213A24221552006288C0 /* AdjustPositionWithOffSet.swift */,
				23EB213C242219F0006288C0 /* ColorPaddingView.swift */,
				23EB213E24221B4E006288C0 /* StackModifiersView.swift */,
			);
			path = SwiftUITransformingView;
			sourceTree = "<group>";
		};
		23EB21122422148E006288C0 /* Preview Content */ = {
			isa = PBXGroup;
			children = (
				23EB21132422148E006288C0 /* Preview Assets.xcassets */,
			);
			path = "Preview Content";
			sourceTree = "<group>";
		};
		23EB21202422148E006288C0 /* SwiftUITransformingViewTests */ = {
			isa = PBXGroup;
			children = (
				23EB21212422148E006288C0 /* SwiftUITransformingViewTests.swift */,
				23EB21232422148E006288C0 /* Info.plist */,
			);
			path = SwiftUITransformingViewTests;
			sourceTree = "<group>";
		};
		23EB212B2422148E006288C0 /* SwiftUITransformingViewUITests */ = {
			isa = PBXGroup;
			children = (
				23EB212C2422148E006288C0 /* SwiftUITransformingViewUITests.swift */,
				23EB212E2422148E006288C0 /* Info.plist */,
			);
			path = SwiftUITransformingViewUITests;
			sourceTree = "<group>";
		};
/* End PBXGroup section */

/* Begin PBXNativeTarget section */
		23EB21062422148D006288C0 /* SwiftUITransformingView */ = {
			isa = PBXNativeTarget;
			buildConfigurationList = 23EB21312422148E006288C0 /* Build configuration list for PBXNativeTarget "SwiftUITransformingView" */;
			buildPhases = (
				23EB21032422148D006288C0 /* Sources */,
				23EB21042422148D006288C0 /* Frameworks */,
				23EB21052422148D006288C0 /* Resources */,
			);
			buildRules = (
			);
			dependencies = (
			);
			name = SwiftUITransformingView;
			productName = SwiftUITransformingView;
			productReference = 23EB21072422148D006288C0 /* SwiftUITransformingView.app */;
			productType = "com.apple.product-type.application";
		};
		23EB211C2422148E006288C0 /* SwiftUITransformingViewTests */ = {
			isa = PBXNativeTarget;
			buildConfigurationList = 23EB21342422148E006288C0 /* Build configuration list for PBXNativeTarget "SwiftUITransformingViewTests" */;
			buildPhases = (
				23EB21192422148E006288C0 /* Sources */,
				23EB211A2422148E006288C0 /* Frameworks */,
				23EB211B2422148E006288C0 /* Resources */,
			);
			buildRules = (
			);
			dependencies = (
				23EB211F2422148E006288C0 /* PBXTargetDependency */,
			);
			name = SwiftUITransformingViewTests;
			productName = SwiftUITransformingViewTests;
			productReference = 23EB211D2422148E006288C0 /* SwiftUITransformingViewTests.xctest */;
			productType = "com.apple.product-type.bundle.unit-test";
		};
		23EB21272422148E006288C0 /* SwiftUITransformingViewUITests */ = {
			isa = PBXNativeTarget;
			buildConfigurationList = 23EB21372422148E006288C0 /* Build configuration list for PBXNativeTarget "SwiftUITransformingViewUITests" */;
			buildPhases = (
				23EB21242422148E006288C0 /* Sources */,
				23EB21252422148E006288C0 /* Frameworks */,
				23EB21262422148E006288C0 /* Resources */,
			);
			buildRules = (
			);
			dependencies = (
				23EB212A2422148E006288C0 /* PBXTargetDependency */,
			);
			name = SwiftUITransformingViewUITests;
			productName = SwiftUITransformingViewUITests;
			productReference = 23EB21282422148E006288C0 /* SwiftUITransformingViewUITests.xctest */;
			productType = "com.apple.product-type.bundle.ui-testing";
		};
/* End PBXNativeTarget section */

/* Begin PBXProject section */
		23EB20FF2422148D006288C0 /* Project object */ = {
			isa = PBXProject;
			attributes = {
				LastSwiftUpdateCheck = 1100;
				LastUpgradeCheck = 1100;
				ORGANIZATIONNAME = "Naw Su Su Nyein";
				TargetAttributes = {
					23EB21062422148D006288C0 = {
						CreatedOnToolsVersion = 11.0;
					};
					23EB211C2422148E006288C0 = {
						CreatedOnToolsVersion = 11.0;
						TestTargetID = 23EB21062422148D006288C0;
					};
					23EB21272422148E006288C0 = {
						CreatedOnToolsVersion = 11.0;
						TestTargetID = 23EB21062422148D006288C0;
					};
				};
			};
			buildConfigurationList = 23EB21022422148D006288C0 /* Build configuration list for PBXProject "SwiftUITransformingView" */;
			compatibilityVersion = "Xcode 9.3";
			developmentRegion = en;
			hasScannedForEncodings = 0;
			knownRegions = (
				en,
				Base,
			);
			mainGroup = 23EB20FE2422148D006288C0;
			productRefGroup = 23EB21082422148D006288C0 /* Products */;
			projectDirPath = "";
			projectRoot = "";
			targets = (
				23EB21062422148D006288C0 /* SwiftUITransformingView */,
				23EB211C2422148E006288C0 /* SwiftUITransformingViewTests */,
				23EB21272422148E006288C0 /* SwiftUITransformingViewUITests */,
			);
		};
/* End PBXProject section */

/* Begin PBXResourcesBuildPhase section */
		23EB21052422148D006288C0 /* Resources */ = {
			isa = PBXResourcesBuildPhase;
			buildActionMask = 2147483647;
			files = (
				23EB21172422148E006288C0 /* LaunchScreen.storyboard in Resources */,
				23EB21142422148E006288C0 /* Preview Assets.xcassets in Resources */,
				23EB21112422148E006288C0 /* Assets.xcassets in Resources */,
			);
			runOnlyForDeploymentPostprocessing = 0;
		};
		23EB211B2422148E006288C0 /* Resources */ = {
			isa = PBXResourcesBuildPhase;
			buildActionMask = 2147483647;
			files = (
			);
			runOnlyForDeploymentPostprocessing = 0;
		};
		23EB21262422148E006288C0 /* Resources */ = {
			isa = PBXResourcesBuildPhase;
			buildActionMask = 2147483647;
			files = (
			);
			runOnlyForDeploymentPostprocessing = 0;
		};
/* End PBXResourcesBuildPhase section */

/* Begin PBXSourcesBuildPhase section */
		23EB21032422148D006288C0 /* Sources */ = {
			isa = PBXSourcesBuildPhase;
			buildActionMask = 2147483647;
			files = (
				23EB213B24221552006288C0 /* AdjustPositionWithOffSet.swift in Sources */,
				23EB213D242219F0006288C0 /* ColorPaddingView.swift in Sources */,
				23EB210B2422148D006288C0 /* AppDelegate.swift in Sources */,
				23EB210D2422148D006288C0 /* SceneDelegate.swift in Sources */,
				23EB214124221D82006288C0 /* BorderAroundAView.swift in Sources */,
				23EB213F24221B4E006288C0 /* StackModifiersView.swift in Sources */,
				23EB210F2422148D006288C0 /* ContentView.swift in Sources */,
			);
			runOnlyForDeploymentPostprocessing = 0;
		};
		23EB21192422148E006288C0 /* Sources */ = {
			isa = PBXSourcesBuildPhase;
			buildActionMask = 2147483647;
			files = (
				23EB21222422148E006288C0 /* SwiftUITransformingViewTests.swift in Sources */,
			);
			runOnlyForDeploymentPostprocessing = 0;
		};
		23EB21242422148E006288C0 /* Sources */ = {
			isa = PBXSourcesBuildPhase;
			buildActionMask = 2147483647;
			files = (
				23EB212D2422148E006288C0 /* SwiftUITransformingViewUITests.swift in Sources */,
			);
			runOnlyForDeploymentPostprocessing = 0;
		};
/* End PBXSourcesBuildPhase section */

/* Begin PBXTargetDependency section */
		23EB211F2422148E006288C0 /* PBXTargetDependency */ = {
			isa = PBXTargetDependency;
			target = 23EB21062422148D006288C0 /* SwiftUITransformingView */;
			targetProxy = 23EB211E2422148E006288C0 /* PBXContainerItemProxy */;
		};
		23EB212A2422148E006288C0 /* PBXTargetDependency */ = {
			isa = PBXTargetDependency;
			target = 23EB21062422148D006288C0 /* SwiftUITransformingView */;
			targetProxy = 23EB21292422148E006288C0 /* PBXContainerItemProxy */;
		};
/* End PBXTargetDependency section */

/* Begin PBXVariantGroup section */
		23EB21152422148E006288C0 /* LaunchScreen.storyboard */ = {
			isa = PBXVariantGroup;
			children = (
				23EB21162422148E006288C0 /* Base */,
			);
			name = LaunchScreen.storyboard;
			sourceTree = "<group>";
		};
/* End PBXVariantGroup section */

/* Begin XCBuildConfiguration section */
		23EB212F2422148E006288C0 /* Debug */ = {
			isa = XCBuildConfiguration;
			buildSettings = {
				ALWAYS_SEARCH_USER_PATHS = NO;
				CLANG_ANALYZER_NONNULL = YES;
				CLANG_ANALYZER_NUMBER_OBJECT_CONVERSION = YES_AGGRESSIVE;
				CLANG_CXX_LANGUAGE_STANDARD = "gnu++14";
				CLANG_CXX_LIBRARY = "libc++";
				CLANG_ENABLE_MODULES = YES;
				CLANG_ENABLE_OBJC_ARC = YES;
				CLANG_ENABLE_OBJC_WEAK = YES;
				CLANG_WARN_BLOCK_CAPTURE_AUTORELEASING = YES;
				CLANG_WARN_BOOL_CONVERSION = YES;
				CLANG_WARN_COMMA = YES;
				CLANG_WARN_CONSTANT_CONVERSION = YES;
				CLANG_WARN_DEPRECATED_OBJC_IMPLEMENTATIONS = YES;
				CLANG_WARN_DIRECT_OBJC_ISA_USAGE = YES_ERROR;
				CLANG_WARN_DOCUMENTATION_COMMENTS = YES;
				CLANG_WARN_EMPTY_BODY = YES;
				CLANG_WARN_ENUM_CONVERSION = YES;
				CLANG_WARN_INFINITE_RECURSION = YES;
				CLANG_WARN_INT_CONVERSION = YES;
				CLANG_WARN_NON_LITERAL_NULL_CONVERSION = YES;
				CLANG_WARN_OBJC_IMPLICIT_RETAIN_SELF = YES;
				CLANG_WARN_OBJC_LITERAL_CONVERSION = YES;
				CLANG_WARN_OBJC_ROOT_CLASS = YES_ERROR;
				CLANG_WARN_RANGE_LOOP_ANALYSIS = YES;
				CLANG_WARN_STRICT_PROTOTYPES = YES;
				CLANG_WARN_SUSPICIOUS_MOVE = YES;
				CLANG_WARN_UNGUARDED_AVAILABILITY = YES_AGGRESSIVE;
				CLANG_WARN_UNREACHABLE_CODE = YES;
				CLANG_WARN__DUPLICATE_METHOD_MATCH = YES;
				COPY_PHASE_STRIP = NO;
				DEBUG_INFORMATION_FORMAT = dwarf;
				ENABLE_STRICT_OBJC_MSGSEND = YES;
				ENABLE_TESTABILITY = YES;
				GCC_C_LANGUAGE_STANDARD = gnu11;
				GCC_DYNAMIC_NO_PIC = NO;
				GCC_NO_COMMON_BLOCKS = YES;
				GCC_OPTIMIZATION_LEVEL = 0;
				GCC_PREPROCESSOR_DEFINITIONS = (
					"DEBUG=1",
					"$(inherited)",
				);
				GCC_WARN_64_TO_32_BIT_CONVERSION = YES;
				GCC_WARN_ABOUT_RETURN_TYPE = YES_ERROR;
				GCC_WARN_UNDECLARED_SELECTOR = YES;
				GCC_WARN_UNINITIALIZED_AUTOS = YES_AGGRESSIVE;
				GCC_WARN_UNUSED_FUNCTION = YES;
				GCC_WARN_UNUSED_VARIABLE = YES;
				IPHONEOS_DEPLOYMENT_TARGET = 13.0;
				MTL_ENABLE_DEBUG_INFO = INCLUDE_SOURCE;
				MTL_FAST_MATH = YES;
				ONLY_ACTIVE_ARCH = YES;
				SDKROOT = iphoneos;
				SWIFT_ACTIVE_COMPILATION_CONDITIONS = DEBUG;
				SWIFT_OPTIMIZATION_LEVEL = "-Onone";
			};
			name = Debug;
		};
		23EB21302422148E006288C0 /* Release */ = {
			isa = XCBuildConfiguration;
			buildSettings = {
				ALWAYS_SEARCH_USER_PATHS = NO;
				CLANG_ANALYZER_NONNULL = YES;
				CLANG_ANALYZER_NUMBER_OBJECT_CONVERSION = YES_AGGRESSIVE;
				CLANG_CXX_LANGUAGE_STANDARD = "gnu++14";
				CLANG_CXX_LIBRARY = "libc++";
				CLANG_ENABLE_MODULES = YES;
				CLANG_ENABLE_OBJC_ARC = YES;
				CLANG_ENABLE_OBJC_WEAK = YES;
				CLANG_WARN_BLOCK_CAPTURE_AUTORELEASING = YES;
				CLANG_WARN_BOOL_CONVERSION = YES;
				CLANG_WARN_COMMA = YES;
				CLANG_WARN_CONSTANT_CONVERSION = YES;
				CLANG_WARN_DEPRECATED_OBJC_IMPLEMENTATIONS = YES;
				CLANG_WARN_DIRECT_OBJC_ISA_USAGE = YES_ERROR;
				CLANG_WARN_DOCUMENTATION_COMMENTS = YES;
				CLANG_WARN_EMPTY_BODY = YES;
				CLANG_WARN_ENUM_CONVERSION = YES;
				CLANG_WARN_INFINITE_RECURSION = YES;
				CLANG_WARN_INT_CONVERSION = YES;
				CLANG_WARN_NON_LITERAL_NULL_CONVERSION = YES;
				CLANG_WARN_OBJC_IMPLICIT_RETAIN_SELF = YES;
				CLANG_WARN_OBJC_LITERAL_CONVERSION = YES;
				CLANG_WARN_OBJC_ROOT_CLASS = YES_ERROR;
				CLANG_WARN_RANGE_LOOP_ANALYSIS = YES;
				CLANG_WARN_STRICT_PROTOTYPES = YES;
				CLANG_WARN_SUSPICIOUS_MOVE = YES;
				CLANG_WARN_UNGUARDED_AVAILABILITY = YES_AGGRESSIVE;
				CLANG_WARN_UNREACHABLE_CODE = YES;
				CLANG_WARN__DUPLICATE_METHOD_MATCH = YES;
				COPY_PHASE_STRIP = NO;
				DEBUG_INFORMATION_FORMAT = "dwarf-with-dsym";
				ENABLE_NS_ASSERTIONS = NO;
				ENABLE_STRICT_OBJC_MSGSEND = YES;
				GCC_C_LANGUAGE_STANDARD = gnu11;
				GCC_NO_COMMON_BLOCKS = YES;
				GCC_WARN_64_TO_32_BIT_CONVERSION = YES;
				GCC_WARN_ABOUT_RETURN_TYPE = YES_ERROR;
				GCC_WARN_UNDECLARED_SELECTOR = YES;
				GCC_WARN_UNINITIALIZED_AUTOS = YES_AGGRESSIVE;
				GCC_WARN_UNUSED_FUNCTION = YES;
				GCC_WARN_UNUSED_VARIABLE = YES;
				IPHONEOS_DEPLOYMENT_TARGET = 13.0;
				MTL_ENABLE_DEBUG_INFO = NO;
				MTL_FAST_MATH = YES;
				SDKROOT = iphoneos;
				SWIFT_COMPILATION_MODE = wholemodule;
				SWIFT_OPTIMIZATION_LEVEL = "-O";
				VALIDATE_PRODUCT = YES;
			};
			name = Release;
		};
		23EB21322422148E006288C0 /* Debug */ = {
			isa = XCBuildConfiguration;
			buildSettings = {
				ASSETCATALOG_COMPILER_APPICON_NAME = AppIcon;
				CODE_SIGN_STYLE = Automatic;
				DEVELOPMENT_ASSET_PATHS = "\"SwiftUITransformingView/Preview Content\"";
				ENABLE_PREVIEWS = YES;
				INFOPLIST_FILE = SwiftUITransformingView/Info.plist;
				LD_RUNPATH_SEARCH_PATHS = (
					"$(inherited)",
					"@executable_path/Frameworks",
				);
				PRODUCT_BUNDLE_IDENTIFIER = "nawsusunyein-gmail.com.SwiftUITransformingView";
				PRODUCT_NAME = "$(TARGET_NAME)";
				SWIFT_VERSION = 5.0;
				TARGETED_DEVICE_FAMILY = "1,2";
			};
			name = Debug;
		};
		23EB21332422148E006288C0 /* Release */ = {
			isa = XCBuildConfiguration;
			buildSettings = {
				ASSETCATALOG_COMPILER_APPICON_NAME = AppIcon;
				CODE_SIGN_STYLE = Automatic;
				DEVELOPMENT_ASSET_PATHS = "\"SwiftUITransformingView/Preview Content\"";
				ENABLE_PREVIEWS = YES;
				INFOPLIST_FILE = SwiftUITransformingView/Info.plist;
				LD_RUNPATH_SEARCH_PATHS = (
					"$(inherited)",
					"@executable_path/Frameworks",
				);
				PRODUCT_BUNDLE_IDENTIFIER = "nawsusunyein-gmail.com.SwiftUITransformingView";
				PRODUCT_NAME = "$(TARGET_NAME)";
				SWIFT_VERSION = 5.0;
				TARGETED_DEVICE_FAMILY = "1,2";
			};
			name = Release;
		};
		23EB21352422148E006288C0 /* Debug */ = {
			isa = XCBuildConfiguration;
			buildSettings = {
				ALWAYS_EMBED_SWIFT_STANDARD_LIBRARIES = YES;
				BUNDLE_LOADER = "$(TEST_HOST)";
				CODE_SIGN_STYLE = Automatic;
				INFOPLIST_FILE = SwiftUITransformingViewTests/Info.plist;
				IPHONEOS_DEPLOYMENT_TARGET = 13.0;
				LD_RUNPATH_SEARCH_PATHS = (
					"$(inherited)",
					"@executable_path/Frameworks",
					"@loader_path/Frameworks",
				);
				PRODUCT_BUNDLE_IDENTIFIER = "nawsusunyein-gmail.com.SwiftUITransformingViewTests";
				PRODUCT_NAME = "$(TARGET_NAME)";
				SWIFT_VERSION = 5.0;
				TARGETED_DEVICE_FAMILY = "1,2";
				TEST_HOST = "$(BUILT_PRODUCTS_DIR)/SwiftUITransformingView.app/SwiftUITransformingView";
			};
			name = Debug;
		};
		23EB21362422148E006288C0 /* Release */ = {
			isa = XCBuildConfiguration;
			buildSettings = {
				ALWAYS_EMBED_SWIFT_STANDARD_LIBRARIES = YES;
				BUNDLE_LOADER = "$(TEST_HOST)";
				CODE_SIGN_STYLE = Automatic;
				INFOPLIST_FILE = SwiftUITransformingViewTests/Info.plist;
				IPHONEOS_DEPLOYMENT_TARGET = 13.0;
				LD_RUNPATH_SEARCH_PATHS = (
					"$(inherited)",
					"@executable_path/Frameworks",
					"@loader_path/Frameworks",
				);
				PRODUCT_BUNDLE_IDENTIFIER = "nawsusunyein-gmail.com.SwiftUITransformingViewTests";
				PRODUCT_NAME = "$(TARGET_NAME)";
				SWIFT_VERSION = 5.0;
				TARGETED_DEVICE_FAMILY = "1,2";
				TEST_HOST = "$(BUILT_PRODUCTS_DIR)/SwiftUITransformingView.app/SwiftUITransformingView";
			};
			name = Release;
		};
		23EB21382422148E006288C0 /* Debug */ = {
			isa = XCBuildConfiguration;
			buildSettings = {
				ALWAYS_EMBED_SWIFT_STANDARD_LIBRARIES = YES;
				CODE_SIGN_STYLE = Automatic;
				INFOPLIST_FILE = SwiftUITransformingViewUITests/Info.plist;
				LD_RUNPATH_SEARCH_PATHS = (
					"$(inherited)",
					"@executable_path/Frameworks",
					"@loader_path/Frameworks",
				);
				PRODUCT_BUNDLE_IDENTIFIER = "nawsusunyein-gmail.com.SwiftUITransformingViewUITests";
				PRODUCT_NAME = "$(TARGET_NAME)";
				SWIFT_VERSION = 5.0;
				TARGETED_DEVICE_FAMILY = "1,2";
				TEST_TARGET_NAME = SwiftUITransformingView;
			};
			name = Debug;
		};
		23EB21392422148E006288C0 /* Release */ = {
			isa = XCBuildConfiguration;
			buildSettings = {
				ALWAYS_EMBED_SWIFT_STANDARD_LIBRARIES = YES;
				CODE_SIGN_STYLE = Automatic;
				INFOPLIST_FILE = SwiftUITransformingViewUITests/Info.plist;
				LD_RUNPATH_SEARCH_PATHS = (
					"$(inherited)",
					"@executable_path/Frameworks",
					"@loader_path/Frameworks",
				);
				PRODUCT_BUNDLE_IDENTIFIER = "nawsusunyein-gmail.com.SwiftUITransformingViewUITests";
				PRODUCT_NAME = "$(TARGET_NAME)";
				SWIFT_VERSION = 5.0;
				TARGETED_DEVICE_FAMILY = "1,2";
				TEST_TARGET_NAME = SwiftUITransformingView;
			};
			name = Release;
		};
/* End XCBuildConfiguration section */

/* Begin XCConfigurationList section */
		23EB21022422148D006288C0 /* Build configuration list for PBXProject "SwiftUITransformingView" */ = {
			isa = XCConfigurationList;
			buildConfigurations = (
				23EB212F2422148E006288C0 /* Debug */,
				23EB21302422148E006288C0 /* Release */,
			);
			defaultConfigurationIsVisible = 0;
			defaultConfigurationName = Release;
		};
		23EB21312422148E006288C0 /* Build configuration list for PBXNativeTarget "SwiftUITransformingView" */ = {
			isa = XCConfigurationList;
			buildConfigurations = (
				23EB21322422148E006288C0 /* Debug */,
				23EB21332422148E006288C0 /* Release */,
			);
			defaultConfigurationIsVisible = 0;
			defaultConfigurationName = Release;
		};
		23EB21342422148E006288C0 /* Build configuration list for PBXNativeTarget "SwiftUITransformingViewTests" */ = {
			isa = XCConfigurationList;
			buildConfigurations = (
				23EB21352422148E006288C0 /* Debug */,
				23EB21362422148E006288C0 /* Release */,
			);
			defaultConfigurationIsVisible = 0;
			defaultConfigurationName = Release;
		};
		23EB21372422148E006288C0 /* Build configuration list for PBXNativeTarget "SwiftUITransformingViewUITests" */ = {
			isa = XCConfigurationList;
			buildConfigurations = (
				23EB21382422148E006288C0 /* Debug */,
				23EB21392422148E006288C0 /* Release */,
			);
			defaultConfigurationIsVisible = 0;
			defaultConfigurationName = Release;
		};
/* End XCConfigurationList section */
	};
	rootObject = 23EB20FF2422148D006288C0 /* Project object */;
}
